
Microsoft Visual Studio Solution File, Format Version 12.00
# Visual Studio Version 17
VisualStudioVersion = 17.13.35931.197
MinimumVisualStudioVersion = 10.0.40219.1
Project("{FAE04EC0-301F-11D3-BF4B-00C04F79EFBC}") = "Laborator_2_Medication_Planner", "Laborator_2_Medication_Planner.csproj", "{A59EEECB-1AFA-4446-B2A4-A5442CEAE1EF}"
EndProject
Global
	GlobalSection(SolutionConfigurationPlatforms) = preSolution
		Debug|Any CPU = Debug|Any CPU
		Release|Any CPU = Release|Any CPU
	EndGlobalSection
	GlobalSection(ProjectConfigurationPlatforms) = postSolution
		{A59EEECB-1AFA-4446-B2A4-A5442CEAE1EF}.Debug|Any CPU.ActiveCfg = Debug|Any CPU
		{A59EEECB-1AFA-4446-B2A4-A5442CEAE1EF}.Debug|Any CPU.Build.0 = Debug|Any CPU
		{A59EEECB-1AFA-4446-B2A4-A5442CEAE1EF}.Debug|Any CPU.Deploy.0 = Debug|Any CPU
		{A59EEECB-1AFA-4446-B2A4-A5442CEAE1EF}.Release|Any CPU.ActiveCfg = Release|Any CPU
		{A59EEECB-1AFA-4446-B2A4-A5442CEAE1EF}.Release|Any CPU.Build.0 = Release|Any CPU
	EndGlobalSection
	GlobalSection(SolutionProperties) = preSolution
		HideSolutionNode = FALSE
	EndGlobalSection
	GlobalSection(ExtensibilityGlobals) = postSolution
		SolutionGuid = {18CD347F-F942-43F4-8869-B7E934F87C30}
	EndGlobalSection
EndGlobal
